
Microsoft Visual Studio Solution File, Format Version 12.00
# Visual Studio 15
VisualStudioVersion = 15.0.27130.2036
MinimumVisualStudioVersion = 10.0.40219.1
Project("{FAE04EC0-301F-11D3-BF4B-00C04F79EFBC}") = "Fwknop", "Fwknop\Fwknop.csproj", "{47D96AE3-4ED3-4166-8B4C-52BAD259F53D}"
EndProject
Project("{9A19103F-16F7-4668-BE54-9A1E7A4F7556}") = "FwknopDotNetStandard", "FwknopDotNetStandard\FwknopDotNetStandard.csproj", "{F3860E82-CCBE-4094-BEC3-AC47980114CF}"
EndProject
Global
	GlobalSection(SolutionConfigurationPlatforms) = preSolution
		Debug|Any CPU = Debug|Any CPU
		Release|Any CPU = Release|Any CPU
	EndGlobalSection
	GlobalSection(ProjectConfigurationPlatforms) = postSolution
		{47D96AE3-4ED3-4166-8B4C-52BAD259F53D}.Debug|Any CPU.ActiveCfg = Debug|Any CPU
		{47D96AE3-4ED3-4166-8B4C-52BAD259F53D}.Debug|Any CPU.Build.0 = Debug|Any CPU
		{47D96AE3-4ED3-4166-8B4C-52BAD259F53D}.Release|Any CPU.ActiveCfg = Release|Any CPU
		{47D96AE3-4ED3-4166-8B4C-52BAD259F53D}.Release|Any CPU.Build.0 = Release|Any CPU
		{F3860E82-CCBE-4094-BEC3-AC47980114CF}.Debug|Any CPU.ActiveCfg = Debug|Any CPU
		{F3860E82-CCBE-4094-BEC3-AC47980114CF}.Debug|Any CPU.Build.0 = Debug|Any CPU
		{F3860E82-CCBE-4094-BEC3-AC47980114CF}.Release|Any CPU.ActiveCfg = Release|Any CPU
		{F3860E82-CCBE-4094-BEC3-AC47980114CF}.Release|Any CPU.Build.0 = Release|Any CPU
		{300C3677-317E-438F-8FE2-FE553EBE6CDB}.Debug|Any CPU.ActiveCfg = Debug|Any CPU
		{300C3677-317E-438F-8FE2-FE553EBE6CDB}.Debug|Any CPU.Build.0 = Debug|Any CPU
		{300C3677-317E-438F-8FE2-FE553EBE6CDB}.Release|Any CPU.ActiveCfg = Release|Any CPU
		{300C3677-317E-438F-8FE2-FE553EBE6CDB}.Release|Any CPU.Build.0 = Release|Any CPU
	EndGlobalSection
	GlobalSection(SolutionProperties) = preSolution
		HideSolutionNode = FALSE
	EndGlobalSection
	GlobalSection(ExtensibilityGlobals) = postSolution
		SolutionGuid = {D2EAEAC5-A5FF-4924-A473-C9ECF2CC97C9}
	EndGlobalSection
EndGlobal
